
Microsoft Visual Studio Solution File, Format Version 12.00
# Visual Studio 15
VisualStudioVersion = 15.0.28307.421
MinimumVisualStudioVersion = 10.0.40219.1
Project("{151D2E53-A2C4-4D7D-83FE-D05416EBD58E}") = "AzureResourceGroupLinux", "AzureResourceGroup2\AzureResourceGroupLinux.deployproj", "{03113C1A-FE1E-44DB-998D-EF2ACE549BEE}"
EndProject
Global
	GlobalSection(SolutionConfigurationPlatforms) = preSolution
		Debug|Any CPU = Debug|Any CPU
		Release|Any CPU = Release|Any CPU
	EndGlobalSection
	GlobalSection(ProjectConfigurationPlatforms) = postSolution
		{03113C1A-FE1E-44DB-998D-EF2ACE549BEE}.Debug|Any CPU.ActiveCfg = Debug|Any CPU
		{03113C1A-FE1E-44DB-998D-EF2ACE549BEE}.Debug|Any CPU.Build.0 = Debug|Any CPU
		{03113C1A-FE1E-44DB-998D-EF2ACE549BEE}.Release|Any CPU.ActiveCfg = Release|Any CPU
		{03113C1A-FE1E-44DB-998D-EF2ACE549BEE}.Release|Any CPU.Build.0 = Release|Any CPU
	EndGlobalSection
	GlobalSection(SolutionProperties) = preSolution
		HideSolutionNode = FALSE
	EndGlobalSection
	GlobalSection(ExtensibilityGlobals) = postSolution
		SolutionGuid = {49424F0A-3E08-41CC-B394-1FB2F4219BA1}
	EndGlobalSection
EndGlobal
